
Microsoft Visual Studio Solution File, Format Version 12.00
# Visual Studio Version 17
VisualStudioVersion = 17.2.32616.157
MinimumVisualStudioVersion = 10.0.40219.1
Project("{9A19103F-16F7-4668-BE54-9A1E7A4F7556}") = "TSITSolutions.ContactSite.Server", "src\Server\TSITSolutions.ContactSite.Server.csproj", "{3EDB989B-3E37-4BC4-90E9-C5C179F10BAD}"
EndProject
Project("{9A19103F-16F7-4668-BE54-9A1E7A4F7556}") = "TSITSolutions.ContactSite.Client", "src\Client\TSITSolutions.ContactSite.Client.csproj", "{4995E658-4D5B-4D80-9BDE-0C743C38B083}"
EndProject
Project("{9A19103F-16F7-4668-BE54-9A1E7A4F7556}") = "TSITSolutions.ContactSite.Shared", "src\Shared\TSITSolutions.ContactSite.Shared.csproj", "{2D47627A-472E-4C65-BDF7-0E09D2F76536}"
EndProject
Project("{FAE04EC0-301F-11D3-BF4B-00C04F79EFBC}") = "TSITSolutions.StringLocalizerSourceGenerator", "src\StringLocalizerSourceGenerator\TSITSolutions.StringLocalizerSourceGenerator.csproj", "{BE13F939-11E8-4C00-B5EB-D3CEEF45D26C}"
EndProject
Project("{2150E333-8FDC-42A3-9474-1A3956D46DE8}") = "Docker", "Docker", "{2F26BF9C-2CF0-47D7-8F95-7F1AAA9FF295}"
	ProjectSection(SolutionItems) = preProject
		.dockerignore = .dockerignore
		Dockerfile = Dockerfile
	EndProjectSection
EndProject
Project("{FAE04EC0-301F-11D3-BF4B-00C04F79EFBC}") = "TSITSolutions.StringLocalizerSourceGenerator.Tests.Integration", "tests\TSITSolutions.StringLocalizerSourceGenerator.Tests.Integration\TSITSolutions.StringLocalizerSourceGenerator.Tests.Integration.csproj", "{F23A940B-E172-497D-B849-BB7BC3FD272D}"
EndProject
Project("{2150E333-8FDC-42A3-9474-1A3956D46DE8}") = "src", "src", "{E6C8AB91-6FAE-4248-80B3-0CE9AB625C55}"
EndProject
Project("{2150E333-8FDC-42A3-9474-1A3956D46DE8}") = "tests", "tests", "{32DDFF2E-EED1-4926-B077-E01D885E0F18}"
EndProject
Project("{FAE04EC0-301F-11D3-BF4B-00C04F79EFBC}") = "TSITSolutions.ImageResizer", "src\TSITSolutions.ImageResizer\TSITSolutions.ImageResizer.csproj", "{76465391-3D20-4D03-BF8E-353AB0C31E8B}"
EndProject
Project("{2150E333-8FDC-42A3-9474-1A3956D46DE8}") = "SolutionItems", "SolutionItems", "{51671727-8984-42ED-9568-7D8B8FE7FBE5}"
	ProjectSection(SolutionItems) = preProject
		Directory.Packages.Props = Directory.Packages.Props
		Directory.Build.Props = Directory.Build.Props
	EndProjectSection
EndProject
Project("{FAE04EC0-301F-11D3-BF4B-00C04F79EFBC}") = "TSITSolutions.ContactSite.Server.Core", "src\TSITSolutions.ContactSite.Server.Core\TSITSolutions.ContactSite.Server.Core.csproj", "{05D825F5-E3DD-4567-9B3C-AC4F2DD6F702}"
EndProject
Global
	GlobalSection(SolutionConfigurationPlatforms) = preSolution
		Debug|Any CPU = Debug|Any CPU
		Release|Any CPU = Release|Any CPU
	EndGlobalSection
	GlobalSection(ProjectConfigurationPlatforms) = postSolution
		{3EDB989B-3E37-4BC4-90E9-C5C179F10BAD}.Debug|Any CPU.ActiveCfg = Debug|Any CPU
		{3EDB989B-3E37-4BC4-90E9-C5C179F10BAD}.Debug|Any CPU.Build.0 = Debug|Any CPU
		{3EDB989B-3E37-4BC4-90E9-C5C179F10BAD}.Release|Any CPU.ActiveCfg = Release|Any CPU
		{3EDB989B-3E37-4BC4-90E9-C5C179F10BAD}.Release|Any CPU.Build.0 = Release|Any CPU
		{4995E658-4D5B-4D80-9BDE-0C743C38B083}.Debug|Any CPU.ActiveCfg = Debug|Any CPU
		{4995E658-4D5B-4D80-9BDE-0C743C38B083}.Debug|Any CPU.Build.0 = Debug|Any CPU
		{4995E658-4D5B-4D80-9BDE-0C743C38B083}.Release|Any CPU.ActiveCfg = Release|Any CPU
		{4995E658-4D5B-4D80-9BDE-0C743C38B083}.Release|Any CPU.Build.0 = Release|Any CPU
		{2D47627A-472E-4C65-BDF7-0E09D2F76536}.Debug|Any CPU.ActiveCfg = Debug|Any CPU
		{2D47627A-472E-4C65-BDF7-0E09D2F76536}.Debug|Any CPU.Build.0 = Debug|Any CPU
		{2D47627A-472E-4C65-BDF7-0E09D2F76536}.Release|Any CPU.ActiveCfg = Release|Any CPU
		{2D47627A-472E-4C65-BDF7-0E09D2F76536}.Release|Any CPU.Build.0 = Release|Any CPU
		{BE13F939-11E8-4C00-B5EB-D3CEEF45D26C}.Debug|Any CPU.ActiveCfg = Debug|Any CPU
		{BE13F939-11E8-4C00-B5EB-D3CEEF45D26C}.Debug|Any CPU.Build.0 = Debug|Any CPU
		{BE13F939-11E8-4C00-B5EB-D3CEEF45D26C}.Release|Any CPU.ActiveCfg = Release|Any CPU
		{BE13F939-11E8-4C00-B5EB-D3CEEF45D26C}.Release|Any CPU.Build.0 = Release|Any CPU
		{F23A940B-E172-497D-B849-BB7BC3FD272D}.Debug|Any CPU.ActiveCfg = Debug|Any CPU
		{F23A940B-E172-497D-B849-BB7BC3FD272D}.Debug|Any CPU.Build.0 = Debug|Any CPU
		{F23A940B-E172-497D-B849-BB7BC3FD272D}.Release|Any CPU.ActiveCfg = Release|Any CPU
		{F23A940B-E172-497D-B849-BB7BC3FD272D}.Release|Any CPU.Build.0 = Release|Any CPU
		{76465391-3D20-4D03-BF8E-353AB0C31E8B}.Debug|Any CPU.ActiveCfg = Debug|Any CPU
		{76465391-3D20-4D03-BF8E-353AB0C31E8B}.Debug|Any CPU.Build.0 = Debug|Any CPU
		{76465391-3D20-4D03-BF8E-353AB0C31E8B}.Release|Any CPU.ActiveCfg = Release|Any CPU
		{76465391-3D20-4D03-BF8E-353AB0C31E8B}.Release|Any CPU.Build.0 = Release|Any CPU
		{05D825F5-E3DD-4567-9B3C-AC4F2DD6F702}.Debug|Any CPU.ActiveCfg = Debug|Any CPU
		{05D825F5-E3DD-4567-9B3C-AC4F2DD6F702}.Debug|Any CPU.Build.0 = Debug|Any CPU
		{05D825F5-E3DD-4567-9B3C-AC4F2DD6F702}.Release|Any CPU.ActiveCfg = Release|Any CPU
		{05D825F5-E3DD-4567-9B3C-AC4F2DD6F702}.Release|Any CPU.Build.0 = Release|Any CPU
	EndGlobalSection
	GlobalSection(SolutionProperties) = preSolution
		HideSolutionNode = FALSE
	EndGlobalSection
	GlobalSection(ExtensibilityGlobals) = postSolution
		SolutionGuid = {513FCF4C-E438-4349-A5CD-D7A1E7655160}
	EndGlobalSection
	GlobalSection(NestedProjects) = preSolution
		{4995E658-4D5B-4D80-9BDE-0C743C38B083} = {E6C8AB91-6FAE-4248-80B3-0CE9AB625C55}
		{3EDB989B-3E37-4BC4-90E9-C5C179F10BAD} = {E6C8AB91-6FAE-4248-80B3-0CE9AB625C55}
		{2D47627A-472E-4C65-BDF7-0E09D2F76536} = {E6C8AB91-6FAE-4248-80B3-0CE9AB625C55}
		{BE13F939-11E8-4C00-B5EB-D3CEEF45D26C} = {E6C8AB91-6FAE-4248-80B3-0CE9AB625C55}
		{F23A940B-E172-497D-B849-BB7BC3FD272D} = {32DDFF2E-EED1-4926-B077-E01D885E0F18}
		{76465391-3D20-4D03-BF8E-353AB0C31E8B} = {E6C8AB91-6FAE-4248-80B3-0CE9AB625C55}
		{05D825F5-E3DD-4567-9B3C-AC4F2DD6F702} = {E6C8AB91-6FAE-4248-80B3-0CE9AB625C55}
	EndGlobalSection
EndGlobal
